
Microsoft Visual Studio Solution File, Format Version 12.00
# Visual Studio 15
VisualStudioVersion = 15.0.27004.2009
MinimumVisualStudioVersion = 10.0.40219.1
Project("{FAE04EC0-301F-11D3-BF4B-00C04F79EFBC}") = "Core.Common", "Core.Common\Core.Common.csproj", "{2C7D5B59-66D3-4493-A67F-2701A4514754}"
EndProject
Project("{FAE04EC0-301F-11D3-BF4B-00C04F79EFBC}") = "Core.Logger", "Core.Logger\Core.Logger.csproj", "{5618ADDA-9072-4A83-A95D-2333B9042921}"
EndProject
Project("{FAE04EC0-301F-11D3-BF4B-00C04F79EFBC}") = "Core.Mailer", "Core.Mailer\Core.Mailer.csproj", "{B4024355-40BB-4CA7-BA64-86D4AAC846E6}"
EndProject
Project("{FAE04EC0-301F-11D3-BF4B-00C04F79EFBC}") = "Core.MVVM", "Core.MVVM\Core.MVVM.csproj", "{ED963742-B285-457D-81E5-F78089189B64}"
EndProject
Project("{FAE04EC0-301F-11D3-BF4B-00C04F79EFBC}") = "Vivos", "Vivos\Vivos.csproj", "{A556C44F-69FC-48AB-BFC4-E719DA7680B5}"
EndProject
Project("{2150E333-8FDC-42A3-9474-1A3956D46DE8}") = "_Server", "_Server", "{291AA54C-39FE-48F7-946A-0250975F9FEB}"
EndProject
Project("{2150E333-8FDC-42A3-9474-1A3956D46DE8}") = "_Desktop", "_Desktop", "{E2A08385-3C08-4F15-9B2C-A067FA8976C7}"
EndProject
Project("{2150E333-8FDC-42A3-9474-1A3956D46DE8}") = "_CrossCutting", "_CrossCutting", "{87FA826A-0DA1-4F43-947C-9E48B499FFE3}"
EndProject
Project("{FAE04EC0-301F-11D3-BF4B-00C04F79EFBC}") = "Core.Client", "Core.Client\Core.Client.csproj", "{4363EF15-9DF6-4BF9-9344-BA877D28CF7B}"
EndProject
Project("{2150E333-8FDC-42A3-9474-1A3956D46DE8}") = "_Database", "_Database", "{74D9C8F3-D1E4-44F9-AD7F-A308CD4F0203}"
EndProject
Project("{FAE04EC0-301F-11D3-BF4B-00C04F79EFBC}") = "Core.Server", "Core.Server.v2\Core.Server.csproj", "{E864FAD5-F791-44DC-983E-3C4141EF05C8}"
EndProject
Project("{FAE04EC0-301F-11D3-BF4B-00C04F79EFBC}") = "Market.Server", "Market.Server\Market.Server.csproj", "{CDC68BEF-0D38-49C3-9127-69221476C908}"
EndProject
Project("{FAE04EC0-301F-11D3-BF4B-00C04F79EFBC}") = "Market.Client", "Market.Client.Library\Market.Client.csproj", "{BEB8E32F-5EB0-4996-983F-366C68532DF3}"
	ProjectSection(ProjectDependencies) = postProject
		{CDC68BEF-0D38-49C3-9127-69221476C908} = {CDC68BEF-0D38-49C3-9127-69221476C908}
	EndProjectSection
EndProject
Project("{FAE04EC0-301F-11D3-BF4B-00C04F79EFBC}") = "Core.Socket.Client", "Core.Socket\Core.Socket.Client\Core.Socket.Client.csproj", "{748B87F6-2233-4794-B5FF-27942B2EEA0B}"
EndProject
Project("{FAE04EC0-301F-11D3-BF4B-00C04F79EFBC}") = "Core.Socket.Server", "Core.Socket\Core.Socket.Server\Core.Socket.Server.csproj", "{16498DE9-06F6-47D1-B4E7-3AF4410B671A}"
EndProject
Project("{00D1A9C2-B5F0-4AF3-8072-F6C62B433612}") = "Vivos.Database", "Vivos.Database\Vivos.Database.sqlproj", "{2F70893E-FAB9-46DD-9D69-CCB1F8AC3D7D}"
EndProject
Global
	GlobalSection(SolutionConfigurationPlatforms) = preSolution
		Debug|Any CPU = Debug|Any CPU
		Public|Any CPU = Public|Any CPU
		Release|Any CPU = Release|Any CPU
		Template|Any CPU = Template|Any CPU
		Test|Any CPU = Test|Any CPU
	EndGlobalSection
	GlobalSection(ProjectConfigurationPlatforms) = postSolution
		{2C7D5B59-66D3-4493-A67F-2701A4514754}.Debug|Any CPU.ActiveCfg = Debug|Any CPU
		{2C7D5B59-66D3-4493-A67F-2701A4514754}.Debug|Any CPU.Build.0 = Debug|Any CPU
		{2C7D5B59-66D3-4493-A67F-2701A4514754}.Public|Any CPU.ActiveCfg = Public|Any CPU
		{2C7D5B59-66D3-4493-A67F-2701A4514754}.Public|Any CPU.Build.0 = Public|Any CPU
		{2C7D5B59-66D3-4493-A67F-2701A4514754}.Release|Any CPU.ActiveCfg = Release|Any CPU
		{2C7D5B59-66D3-4493-A67F-2701A4514754}.Release|Any CPU.Build.0 = Release|Any CPU
		{2C7D5B59-66D3-4493-A67F-2701A4514754}.Template|Any CPU.ActiveCfg = Release|Any CPU
		{2C7D5B59-66D3-4493-A67F-2701A4514754}.Template|Any CPU.Build.0 = Release|Any CPU
		{2C7D5B59-66D3-4493-A67F-2701A4514754}.Test|Any CPU.ActiveCfg = Test|Any CPU
		{2C7D5B59-66D3-4493-A67F-2701A4514754}.Test|Any CPU.Build.0 = Test|Any CPU
		{5618ADDA-9072-4A83-A95D-2333B9042921}.Debug|Any CPU.ActiveCfg = Debug|Any CPU
		{5618ADDA-9072-4A83-A95D-2333B9042921}.Debug|Any CPU.Build.0 = Debug|Any CPU
		{5618ADDA-9072-4A83-A95D-2333B9042921}.Public|Any CPU.ActiveCfg = Public|Any CPU
		{5618ADDA-9072-4A83-A95D-2333B9042921}.Public|Any CPU.Build.0 = Public|Any CPU
		{5618ADDA-9072-4A83-A95D-2333B9042921}.Release|Any CPU.ActiveCfg = Release|Any CPU
		{5618ADDA-9072-4A83-A95D-2333B9042921}.Release|Any CPU.Build.0 = Release|Any CPU
		{5618ADDA-9072-4A83-A95D-2333B9042921}.Template|Any CPU.ActiveCfg = Template|Any CPU
		{5618ADDA-9072-4A83-A95D-2333B9042921}.Template|Any CPU.Build.0 = Template|Any CPU
		{5618ADDA-9072-4A83-A95D-2333B9042921}.Test|Any CPU.ActiveCfg = Test|Any CPU
		{5618ADDA-9072-4A83-A95D-2333B9042921}.Test|Any CPU.Build.0 = Test|Any CPU
		{B4024355-40BB-4CA7-BA64-86D4AAC846E6}.Debug|Any CPU.ActiveCfg = Debug|Any CPU
		{B4024355-40BB-4CA7-BA64-86D4AAC846E6}.Debug|Any CPU.Build.0 = Debug|Any CPU
		{B4024355-40BB-4CA7-BA64-86D4AAC846E6}.Public|Any CPU.ActiveCfg = Public|Any CPU
		{B4024355-40BB-4CA7-BA64-86D4AAC846E6}.Public|Any CPU.Build.0 = Public|Any CPU
		{B4024355-40BB-4CA7-BA64-86D4AAC846E6}.Release|Any CPU.ActiveCfg = Release|Any CPU
		{B4024355-40BB-4CA7-BA64-86D4AAC846E6}.Release|Any CPU.Build.0 = Release|Any CPU
		{B4024355-40BB-4CA7-BA64-86D4AAC846E6}.Template|Any CPU.ActiveCfg = Template|Any CPU
		{B4024355-40BB-4CA7-BA64-86D4AAC846E6}.Template|Any CPU.Build.0 = Template|Any CPU
		{B4024355-40BB-4CA7-BA64-86D4AAC846E6}.Test|Any CPU.ActiveCfg = Test|Any CPU
		{B4024355-40BB-4CA7-BA64-86D4AAC846E6}.Test|Any CPU.Build.0 = Test|Any CPU
		{ED963742-B285-457D-81E5-F78089189B64}.Debug|Any CPU.ActiveCfg = Debug|Any CPU
		{ED963742-B285-457D-81E5-F78089189B64}.Debug|Any CPU.Build.0 = Debug|Any CPU
		{ED963742-B285-457D-81E5-F78089189B64}.Public|Any CPU.ActiveCfg = Public|Any CPU
		{ED963742-B285-457D-81E5-F78089189B64}.Public|Any CPU.Build.0 = Public|Any CPU
		{ED963742-B285-457D-81E5-F78089189B64}.Release|Any CPU.ActiveCfg = Release|Any CPU
		{ED963742-B285-457D-81E5-F78089189B64}.Release|Any CPU.Build.0 = Release|Any CPU
		{ED963742-B285-457D-81E5-F78089189B64}.Template|Any CPU.ActiveCfg = Release|Any CPU
		{ED963742-B285-457D-81E5-F78089189B64}.Template|Any CPU.Build.0 = Release|Any CPU
		{ED963742-B285-457D-81E5-F78089189B64}.Test|Any CPU.ActiveCfg = Test|Any CPU
		{ED963742-B285-457D-81E5-F78089189B64}.Test|Any CPU.Build.0 = Test|Any CPU
		{A556C44F-69FC-48AB-BFC4-E719DA7680B5}.Debug|Any CPU.ActiveCfg = Debug|Any CPU
		{A556C44F-69FC-48AB-BFC4-E719DA7680B5}.Debug|Any CPU.Build.0 = Debug|Any CPU
		{A556C44F-69FC-48AB-BFC4-E719DA7680B5}.Public|Any CPU.ActiveCfg = Public|Any CPU
		{A556C44F-69FC-48AB-BFC4-E719DA7680B5}.Public|Any CPU.Build.0 = Public|Any CPU
		{A556C44F-69FC-48AB-BFC4-E719DA7680B5}.Release|Any CPU.ActiveCfg = Release|Any CPU
		{A556C44F-69FC-48AB-BFC4-E719DA7680B5}.Release|Any CPU.Build.0 = Release|Any CPU
		{A556C44F-69FC-48AB-BFC4-E719DA7680B5}.Template|Any CPU.ActiveCfg = Release|Any CPU
		{A556C44F-69FC-48AB-BFC4-E719DA7680B5}.Template|Any CPU.Build.0 = Release|Any CPU
		{A556C44F-69FC-48AB-BFC4-E719DA7680B5}.Test|Any CPU.ActiveCfg = Test|Any CPU
		{A556C44F-69FC-48AB-BFC4-E719DA7680B5}.Test|Any CPU.Build.0 = Test|Any CPU
		{4363EF15-9DF6-4BF9-9344-BA877D28CF7B}.Debug|Any CPU.ActiveCfg = Debug|Any CPU
		{4363EF15-9DF6-4BF9-9344-BA877D28CF7B}.Debug|Any CPU.Build.0 = Debug|Any CPU
		{4363EF15-9DF6-4BF9-9344-BA877D28CF7B}.Public|Any CPU.ActiveCfg = Public|Any CPU
		{4363EF15-9DF6-4BF9-9344-BA877D28CF7B}.Public|Any CPU.Build.0 = Public|Any CPU
		{4363EF15-9DF6-4BF9-9344-BA877D28CF7B}.Release|Any CPU.ActiveCfg = Release|Any CPU
		{4363EF15-9DF6-4BF9-9344-BA877D28CF7B}.Release|Any CPU.Build.0 = Release|Any CPU
		{4363EF15-9DF6-4BF9-9344-BA877D28CF7B}.Template|Any CPU.ActiveCfg = Release|Any CPU
		{4363EF15-9DF6-4BF9-9344-BA877D28CF7B}.Template|Any CPU.Build.0 = Release|Any CPU
		{4363EF15-9DF6-4BF9-9344-BA877D28CF7B}.Test|Any CPU.ActiveCfg = Test|Any CPU
		{4363EF15-9DF6-4BF9-9344-BA877D28CF7B}.Test|Any CPU.Build.0 = Test|Any CPU
		{E864FAD5-F791-44DC-983E-3C4141EF05C8}.Debug|Any CPU.ActiveCfg = Debug|Any CPU
		{E864FAD5-F791-44DC-983E-3C4141EF05C8}.Debug|Any CPU.Build.0 = Debug|Any CPU
		{E864FAD5-F791-44DC-983E-3C4141EF05C8}.Public|Any CPU.ActiveCfg = Public|Any CPU
		{E864FAD5-F791-44DC-983E-3C4141EF05C8}.Public|Any CPU.Build.0 = Public|Any CPU
		{E864FAD5-F791-44DC-983E-3C4141EF05C8}.Release|Any CPU.ActiveCfg = Release|Any CPU
		{E864FAD5-F791-44DC-983E-3C4141EF05C8}.Release|Any CPU.Build.0 = Release|Any CPU
		{E864FAD5-F791-44DC-983E-3C4141EF05C8}.Template|Any CPU.ActiveCfg = Release|Any CPU
		{E864FAD5-F791-44DC-983E-3C4141EF05C8}.Template|Any CPU.Build.0 = Release|Any CPU
		{E864FAD5-F791-44DC-983E-3C4141EF05C8}.Test|Any CPU.ActiveCfg = Test|Any CPU
		{E864FAD5-F791-44DC-983E-3C4141EF05C8}.Test|Any CPU.Build.0 = Test|Any CPU
		{CDC68BEF-0D38-49C3-9127-69221476C908}.Debug|Any CPU.ActiveCfg = Debug|Any CPU
		{CDC68BEF-0D38-49C3-9127-69221476C908}.Debug|Any CPU.Build.0 = Debug|Any CPU
		{CDC68BEF-0D38-49C3-9127-69221476C908}.Public|Any CPU.ActiveCfg = Public|Any CPU
		{CDC68BEF-0D38-49C3-9127-69221476C908}.Public|Any CPU.Build.0 = Public|Any CPU
		{CDC68BEF-0D38-49C3-9127-69221476C908}.Release|Any CPU.ActiveCfg = Release|Any CPU
		{CDC68BEF-0D38-49C3-9127-69221476C908}.Release|Any CPU.Build.0 = Release|Any CPU
		{CDC68BEF-0D38-49C3-9127-69221476C908}.Template|Any CPU.ActiveCfg = Release|Any CPU
		{CDC68BEF-0D38-49C3-9127-69221476C908}.Template|Any CPU.Build.0 = Release|Any CPU
		{CDC68BEF-0D38-49C3-9127-69221476C908}.Test|Any CPU.ActiveCfg = Test|Any CPU
		{CDC68BEF-0D38-49C3-9127-69221476C908}.Test|Any CPU.Build.0 = Test|Any CPU
		{BEB8E32F-5EB0-4996-983F-366C68532DF3}.Debug|Any CPU.ActiveCfg = Debug|Any CPU
		{BEB8E32F-5EB0-4996-983F-366C68532DF3}.Debug|Any CPU.Build.0 = Debug|Any CPU
		{BEB8E32F-5EB0-4996-983F-366C68532DF3}.Public|Any CPU.ActiveCfg = Public|Any CPU
		{BEB8E32F-5EB0-4996-983F-366C68532DF3}.Public|Any CPU.Build.0 = Public|Any CPU
		{BEB8E32F-5EB0-4996-983F-366C68532DF3}.Release|Any CPU.ActiveCfg = Release|Any CPU
		{BEB8E32F-5EB0-4996-983F-366C68532DF3}.Release|Any CPU.Build.0 = Release|Any CPU
		{BEB8E32F-5EB0-4996-983F-366C68532DF3}.Template|Any CPU.ActiveCfg = Release|Any CPU
		{BEB8E32F-5EB0-4996-983F-366C68532DF3}.Template|Any CPU.Build.0 = Release|Any CPU
		{BEB8E32F-5EB0-4996-983F-366C68532DF3}.Test|Any CPU.ActiveCfg = Test|Any CPU
		{BEB8E32F-5EB0-4996-983F-366C68532DF3}.Test|Any CPU.Build.0 = Test|Any CPU
		{748B87F6-2233-4794-B5FF-27942B2EEA0B}.Debug|Any CPU.ActiveCfg = Debug|Any CPU
		{748B87F6-2233-4794-B5FF-27942B2EEA0B}.Debug|Any CPU.Build.0 = Debug|Any CPU
		{748B87F6-2233-4794-B5FF-27942B2EEA0B}.Public|Any CPU.ActiveCfg = Public|Any CPU
		{748B87F6-2233-4794-B5FF-27942B2EEA0B}.Public|Any CPU.Build.0 = Public|Any CPU
		{748B87F6-2233-4794-B5FF-27942B2EEA0B}.Release|Any CPU.ActiveCfg = Release|Any CPU
		{748B87F6-2233-4794-B5FF-27942B2EEA0B}.Release|Any CPU.Build.0 = Release|Any CPU
		{748B87F6-2233-4794-B5FF-27942B2EEA0B}.Template|Any CPU.ActiveCfg = Release|Any CPU
		{748B87F6-2233-4794-B5FF-27942B2EEA0B}.Template|Any CPU.Build.0 = Release|Any CPU
		{748B87F6-2233-4794-B5FF-27942B2EEA0B}.Test|Any CPU.ActiveCfg = Test|Any CPU
		{748B87F6-2233-4794-B5FF-27942B2EEA0B}.Test|Any CPU.Build.0 = Test|Any CPU
		{16498DE9-06F6-47D1-B4E7-3AF4410B671A}.Debug|Any CPU.ActiveCfg = Debug|Any CPU
		{16498DE9-06F6-47D1-B4E7-3AF4410B671A}.Debug|Any CPU.Build.0 = Debug|Any CPU
		{16498DE9-06F6-47D1-B4E7-3AF4410B671A}.Public|Any CPU.ActiveCfg = Public|Any CPU
		{16498DE9-06F6-47D1-B4E7-3AF4410B671A}.Public|Any CPU.Build.0 = Public|Any CPU
		{16498DE9-06F6-47D1-B4E7-3AF4410B671A}.Release|Any CPU.ActiveCfg = Release|Any CPU
		{16498DE9-06F6-47D1-B4E7-3AF4410B671A}.Release|Any CPU.Build.0 = Release|Any CPU
		{16498DE9-06F6-47D1-B4E7-3AF4410B671A}.Template|Any CPU.ActiveCfg = Release|Any CPU
		{16498DE9-06F6-47D1-B4E7-3AF4410B671A}.Template|Any CPU.Build.0 = Release|Any CPU
		{16498DE9-06F6-47D1-B4E7-3AF4410B671A}.Test|Any CPU.ActiveCfg = Test|Any CPU
		{16498DE9-06F6-47D1-B4E7-3AF4410B671A}.Test|Any CPU.Build.0 = Test|Any CPU
		{2F70893E-FAB9-46DD-9D69-CCB1F8AC3D7D}.Debug|Any CPU.ActiveCfg = Debug|Any CPU
		{2F70893E-FAB9-46DD-9D69-CCB1F8AC3D7D}.Debug|Any CPU.Build.0 = Debug|Any CPU
		{2F70893E-FAB9-46DD-9D69-CCB1F8AC3D7D}.Public|Any CPU.ActiveCfg = Public|Any CPU
		{2F70893E-FAB9-46DD-9D69-CCB1F8AC3D7D}.Public|Any CPU.Build.0 = Public|Any CPU
		{2F70893E-FAB9-46DD-9D69-CCB1F8AC3D7D}.Release|Any CPU.ActiveCfg = Release|Any CPU
		{2F70893E-FAB9-46DD-9D69-CCB1F8AC3D7D}.Release|Any CPU.Build.0 = Release|Any CPU
		{2F70893E-FAB9-46DD-9D69-CCB1F8AC3D7D}.Release|Any CPU.Deploy.0 = Release|Any CPU
		{2F70893E-FAB9-46DD-9D69-CCB1F8AC3D7D}.Template|Any CPU.ActiveCfg = Debug|Any CPU
		{2F70893E-FAB9-46DD-9D69-CCB1F8AC3D7D}.Template|Any CPU.Build.0 = Debug|Any CPU
		{2F70893E-FAB9-46DD-9D69-CCB1F8AC3D7D}.Template|Any CPU.Deploy.0 = Debug|Any CPU
		{2F70893E-FAB9-46DD-9D69-CCB1F8AC3D7D}.Test|Any CPU.ActiveCfg = Test|Any CPU
		{2F70893E-FAB9-46DD-9D69-CCB1F8AC3D7D}.Test|Any CPU.Build.0 = Test|Any CPU
		{2F70893E-FAB9-46DD-9D69-CCB1F8AC3D7D}.Test|Any CPU.Deploy.0 = Test|Any CPU
	EndGlobalSection
	GlobalSection(SolutionProperties) = preSolution
		HideSolutionNode = FALSE
	EndGlobalSection
	GlobalSection(NestedProjects) = preSolution
		{2C7D5B59-66D3-4493-A67F-2701A4514754} = {87FA826A-0DA1-4F43-947C-9E48B499FFE3}
		{5618ADDA-9072-4A83-A95D-2333B9042921} = {87FA826A-0DA1-4F43-947C-9E48B499FFE3}
		{B4024355-40BB-4CA7-BA64-86D4AAC846E6} = {87FA826A-0DA1-4F43-947C-9E48B499FFE3}
		{ED963742-B285-457D-81E5-F78089189B64} = {E2A08385-3C08-4F15-9B2C-A067FA8976C7}
		{A556C44F-69FC-48AB-BFC4-E719DA7680B5} = {E2A08385-3C08-4F15-9B2C-A067FA8976C7}
		{4363EF15-9DF6-4BF9-9344-BA877D28CF7B} = {E2A08385-3C08-4F15-9B2C-A067FA8976C7}
		{E864FAD5-F791-44DC-983E-3C4141EF05C8} = {291AA54C-39FE-48F7-946A-0250975F9FEB}
		{CDC68BEF-0D38-49C3-9127-69221476C908} = {291AA54C-39FE-48F7-946A-0250975F9FEB}
		{BEB8E32F-5EB0-4996-983F-366C68532DF3} = {E2A08385-3C08-4F15-9B2C-A067FA8976C7}
		{748B87F6-2233-4794-B5FF-27942B2EEA0B} = {E2A08385-3C08-4F15-9B2C-A067FA8976C7}
		{16498DE9-06F6-47D1-B4E7-3AF4410B671A} = {E2A08385-3C08-4F15-9B2C-A067FA8976C7}
		{2F70893E-FAB9-46DD-9D69-CCB1F8AC3D7D} = {74D9C8F3-D1E4-44F9-AD7F-A308CD4F0203}
	EndGlobalSection
	GlobalSection(ExtensibilityGlobals) = postSolution
		SolutionGuid = {B2BEABD6-0B7E-43B8-A5EF-C6025ABAA8F5}
	EndGlobalSection
EndGlobal
