
Microsoft Visual Studio Solution File, Format Version 12.00
# Visual Studio 2013
VisualStudioVersion = 12.0.31101.0
MinimumVisualStudioVersion = 10.0.40219.1
Project("{FAE04EC0-301F-11D3-BF4B-00C04F79EFBC}") = "Skeleton", "Skeleton.csproj", "{A556C44F-69FC-48AB-BFC4-E719DA7680B5}"
EndProject
Project("{FAE04EC0-301F-11D3-BF4B-00C04F79EFBC}") = "Core.Log", "..\Core.Log\Core.Log.csproj", "{5618ADDA-9072-4A83-A95D-2333B9042921}"
EndProject
Project("{FAE04EC0-301F-11D3-BF4B-00C04F79EFBC}") = "Core.Mail", "..\Core.Mail\Core.Mail.csproj", "{B4024355-40BB-4CA7-BA64-86D4AAC846E6}"
EndProject
Project("{FAE04EC0-301F-11D3-BF4B-00C04F79EFBC}") = "Core.MVVM", "..\Core.MVVM\Core.MVVM.csproj", "{ED963742-B285-457D-81E5-F78089189B64}"
EndProject
Global
	GlobalSection(TeamFoundationVersionControl) = preSolution
		SccNumberOfProjects = 5
		SccEnterpriseProvider = {4CA58AB2-18FA-4F8D-95D4-32DDF27D184C}
		SccTeamFoundationServer = https://ideasis.visualstudio.com/defaultcollection
		SccProjectUniqueName0 = Skeleton.csproj
		SccLocalPath0 = .
		SccProjectUniqueName1 = ..\\Core.Log\\Core.Log.csproj
		SccProjectName1 = ../Core.Log
		SccLocalPath1 = ..\\Core.Log
		SccProjectUniqueName2 = ..\\Core.Mail\\Core.Mail.csproj
		SccProjectName2 = ../Core.Mail
		SccLocalPath2 = ..\\Core.Mail
		SccProjectUniqueName3 = ..\\Core.MVVM\\Core.MVVM.csproj
		SccProjectName3 = ../Core.MVVM
		SccLocalPath3 = ..\\Core.MVVM
		SccLocalPath4 = .
	EndGlobalSection
	GlobalSection(SolutionConfigurationPlatforms) = preSolution
		Debug|Any CPU = Debug|Any CPU
		Release|Any CPU = Release|Any CPU
		Template|Any CPU = Template|Any CPU
	EndGlobalSection
	GlobalSection(ProjectConfigurationPlatforms) = postSolution
		{A556C44F-69FC-48AB-BFC4-E719DA7680B5}.Debug|Any CPU.ActiveCfg = Debug|Any CPU
		{A556C44F-69FC-48AB-BFC4-E719DA7680B5}.Debug|Any CPU.Build.0 = Debug|Any CPU
		{A556C44F-69FC-48AB-BFC4-E719DA7680B5}.Release|Any CPU.ActiveCfg = Release|Any CPU
		{A556C44F-69FC-48AB-BFC4-E719DA7680B5}.Release|Any CPU.Build.0 = Release|Any CPU
		{A556C44F-69FC-48AB-BFC4-E719DA7680B5}.Template|Any CPU.ActiveCfg = Release|Any CPU
		{A556C44F-69FC-48AB-BFC4-E719DA7680B5}.Template|Any CPU.Build.0 = Release|Any CPU
		{5618ADDA-9072-4A83-A95D-2333B9042921}.Debug|Any CPU.ActiveCfg = Debug|Any CPU
		{5618ADDA-9072-4A83-A95D-2333B9042921}.Debug|Any CPU.Build.0 = Debug|Any CPU
		{5618ADDA-9072-4A83-A95D-2333B9042921}.Release|Any CPU.ActiveCfg = Release|Any CPU
		{5618ADDA-9072-4A83-A95D-2333B9042921}.Release|Any CPU.Build.0 = Release|Any CPU
		{5618ADDA-9072-4A83-A95D-2333B9042921}.Template|Any CPU.ActiveCfg = Template|Any CPU
		{5618ADDA-9072-4A83-A95D-2333B9042921}.Template|Any CPU.Build.0 = Template|Any CPU
		{B4024355-40BB-4CA7-BA64-86D4AAC846E6}.Debug|Any CPU.ActiveCfg = Debug|Any CPU
		{B4024355-40BB-4CA7-BA64-86D4AAC846E6}.Debug|Any CPU.Build.0 = Debug|Any CPU
		{B4024355-40BB-4CA7-BA64-86D4AAC846E6}.Release|Any CPU.ActiveCfg = Release|Any CPU
		{B4024355-40BB-4CA7-BA64-86D4AAC846E6}.Release|Any CPU.Build.0 = Release|Any CPU
		{B4024355-40BB-4CA7-BA64-86D4AAC846E6}.Template|Any CPU.ActiveCfg = Template|Any CPU
		{B4024355-40BB-4CA7-BA64-86D4AAC846E6}.Template|Any CPU.Build.0 = Template|Any CPU
		{ED963742-B285-457D-81E5-F78089189B64}.Debug|Any CPU.ActiveCfg = Debug|Any CPU
		{ED963742-B285-457D-81E5-F78089189B64}.Debug|Any CPU.Build.0 = Debug|Any CPU
		{ED963742-B285-457D-81E5-F78089189B64}.Release|Any CPU.ActiveCfg = Release|Any CPU
		{ED963742-B285-457D-81E5-F78089189B64}.Release|Any CPU.Build.0 = Release|Any CPU
		{ED963742-B285-457D-81E5-F78089189B64}.Template|Any CPU.ActiveCfg = Release|Any CPU
		{ED963742-B285-457D-81E5-F78089189B64}.Template|Any CPU.Build.0 = Release|Any CPU
	EndGlobalSection
	GlobalSection(SolutionProperties) = preSolution
		HideSolutionNode = FALSE
	EndGlobalSection
EndGlobal
